// !$*UTF8*$!
{
	archiveVersion = 1;
	classes = {
	};
	objectVersion = 50;
	objects = {

/* Begin PBXBuildFile section */
		8B40172624A60C4D00F8A8DD /* AppDelegate.swift in Sources */ = {isa = PBXBuildFile; fileRef = 8B40172524A60C4D00F8A8DD /* AppDelegate.swift */; };
		8B40172824A60C4D00F8A8DD /* SceneDelegate.swift in Sources */ = {isa = PBXBuildFile; fileRef = 8B40172724A60C4D00F8A8DD /* SceneDelegate.swift */; };
		8B40172A24A60C4D00F8A8DD /* ViewController.swift in Sources */ = {isa = PBXBuildFile; fileRef = 8B40172924A60C4D00F8A8DD /* ViewController.swift */; };
		8B40172D24A60C4D00F8A8DD /* Main.storyboard in Resources */ = {isa = PBXBuildFile; fileRef = 8B40172B24A60C4D00F8A8DD /* Main.storyboard */; };
		8B40172F24A60C5400F8A8DD /* Assets.xcassets in Resources */ = {isa = PBXBuildFile; fileRef = 8B40172E24A60C5400F8A8DD /* Assets.xcassets */; };
		8B40173224A60C5400F8A8DD /* LaunchScreen.storyboard in Resources */ = {isa = PBXBuildFile; fileRef = 8B40173024A60C5400F8A8DD /* LaunchScreen.storyboard */; };
		8BC57AE424A7237100A2B562 /* CardCell.swift in Sources */ = {isa = PBXBuildFile; fileRef = 8BC57AE324A7237100A2B562 /* CardCell.swift */; };
/* End PBXBuildFile section */

/* Begin PBXFileReference section */
		8B40172224A60C4D00F8A8DD /* BasisApp.app */ = {isa = PBXFileReference; explicitFileType = wrapper.application; includeInIndex = 0; path = BasisApp.app; sourceTree = BUILT_PRODUCTS_DIR; };
		8B40172524A60C4D00F8A8DD /* AppDelegate.swift */ = {isa = PBXFileReference; lastKnownFileType = sourcecode.swift; path = AppDelegate.swift; sourceTree = "<group>"; };
		8B40172724A60C4D00F8A8DD /* SceneDelegate.swift */ = {isa = PBXFileReference; lastKnownFileType = sourcecode.swift; path = SceneDelegate.swift; sourceTree = "<group>"; };
		8B40172924A60C4D00F8A8DD /* ViewController.swift */ = {isa = PBXFileReference; lastKnownFileType = sourcecode.swift; path = ViewController.swift; sourceTree = "<group>"; };
		8B40172C24A60C4D00F8A8DD /* Base */ = {isa = PBXFileReference; lastKnownFileType = file.storyboard; name = Base; path = Base.lproj/Main.storyboard; sourceTree = "<group>"; };
		8B40172E24A60C5400F8A8DD /* Assets.xcassets */ = {isa = PBXFileReference; lastKnownFileType = folder.assetcatalog; path = Assets.xcassets; sourceTree = "<group>"; };
		8B40173124A60C5400F8A8DD /* Base */ = {isa = PBXFileReference; lastKnownFileType = file.storyboard; name = Base; path = Base.lproj/LaunchScreen.storyboard; sourceTree = "<group>"; };
		8B40173324A60C5400F8A8DD /* Info.plist */ = {isa = PBXFileReference; lastKnownFileType = text.plist.xml; path = Info.plist; sourceTree = "<group>"; };
		8BC57AE324A7237100A2B562 /* CardCell.swift */ = {isa = PBXFileReference; lastKnownFileType = sourcecode.swift; path = CardCell.swift; sourceTree = "<group>"; };
/* End PBXFileReference section */

/* Begin PBXGroup section */
		8B40171924A60C4D00F8A8DD = {
			isa = PBXGroup;
			children = (
				8B40172424A60C4D00F8A8DD /* BasisApp */,
				8B40172324A60C4D00F8A8DD /* Products */,
			);
			sourceTree = "<group>";
		};
		8B40172324A60C4D00F8A8DD /* Products */ = {
			isa = PBXGroup;
			children = (
				8B40172224A60C4D00F8A8DD /* BasisApp.app */,
			);
			name = Products;
			sourceTree = "<group>";
		};
		8B40172424A60C4D00F8A8DD /* BasisApp */ = {
			isa = PBXGroup;
			children = (
				8B40172524A60C4D00F8A8DD /* AppDelegate.swift */,
				8B40172724A60C4D00F8A8DD /* SceneDelegate.swift */,
				8B40172924A60C4D00F8A8DD /* ViewController.swift */,
				8B40172B24A60C4D00F8A8DD /* Main.storyboard */,
				8B40172E24A60C5400F8A8DD /* Assets.xcassets */,
				8B40173024A60C5400F8A8DD /* LaunchScreen.storyboard */,
				8B40173324A60C5400F8A8DD /* Info.plist */,
				8BC57AE324A7237100A2B562 /* CardCell.swift */,
			);
			path = BasisApp;
			sourceTree = "<group>";
		};
/* End PBXGroup section */

/* Begin PBXNativeTarget section */
		8B40172124A60C4D00F8A8DD /* BasisApp */ = {
			isa = PBXNativeTarget;
			buildConfigurationList = 8B40173624A60C5400F8A8DD /* Build configuration list for PBXNativeTarget "BasisApp" */;
			buildPhases = (
				8B40171E24A60C4D00F8A8DD /* Sources */,
				8B40172024A60C4D00F8A8DD /* Resources */,
			);
			buildRules = (
			);
			dependencies = (
			);
			name = BasisApp;
			productName = BasisApp;
			productReference = 8B40172224A60C4D00F8A8DD /* BasisApp.app */;
			productType = "com.apple.product-type.application";
		};
/* End PBXNativeTarget section */

/* Begin PBXProject section */
		8B40171A24A60C4D00F8A8DD /* Project object */ = {
			isa = PBXProject;
			attributes = {
				LastSwiftUpdateCheck = 1140;
				LastUpgradeCheck = 1140;
				ORGANIZATIONNAME = "Varun Kanth";
				TargetAttributes = {
					8B40172124A60C4D00F8A8DD = {
						CreatedOnToolsVersion = 11.4.1;
					};
				};
			};
			buildConfigurationList = 8B40171D24A60C4D00F8A8DD /* Build configuration list for PBXProject "BasisApp" */;
			compatibilityVersion = "Xcode 9.3";
			developmentRegion = en;
			hasScannedForEncodings = 0;
			knownRegions = (
				en,
				Base,
			);
			mainGroup = 8B40171924A60C4D00F8A8DD;
			productRefGroup = 8B40172324A60C4D00F8A8DD /* Products */;
			projectDirPath = "";
			projectRoot = "";
			targets = (
				8B40172124A60C4D00F8A8DD /* BasisApp */,
			);
		};
/* End PBXProject section */

/* Begin PBXResourcesBuildPhase section */
		8B40172024A60C4D00F8A8DD /* Resources */ = {
			isa = PBXResourcesBuildPhase;
			buildActionMask = 2147483647;
			files = (
				8B40173224A60C5400F8A8DD /* LaunchScreen.storyboard in Resources */,
				8B40172F24A60C5400F8A8DD /* Assets.xcassets in Resources */,
				8B40172D24A60C4D00F8A8DD /* Main.storyboard in Resources */,
			);
			runOnlyForDeploymentPostprocessing = 0;
		};
/* End PBXResourcesBuildPhase section */

/* Begin PBXSourcesBuildPhase section */
		8B40171E24A60C4D00F8A8DD /* Sources */ = {
			isa = PBXSourcesBuildPhase;
			buildActionMask = 2147483647;
			files = (
				8B40172A24A60C4D00F8A8DD /* ViewController.swift in Sources */,
				8B40172624A60C4D00F8A8DD /* AppDelegate.swift in Sources */,
				8B40172824A60C4D00F8A8DD /* SceneDelegate.swift in Sources */,
				8BC57AE424A7237100A2B562 /* CardCell.swift in Sources */,
			);
			runOnlyForDeploymentPostprocessing = 0;
		};
/* End PBXSourcesBuildPhase section */

/* Begin PBXVariantGroup section */
		8B40172B24A60C4D00F8A8DD /* Main.storyboard */ = {
			isa = PBXVariantGroup;
			children = (
				8B40172C24A60C4D00F8A8DD /* Base */,
			);
			name = Main.storyboard;
			sourceTree = "<group>";
		};
		8B40173024A60C5400F8A8DD /* LaunchScreen.storyboard */ = {
			isa = PBXVariantGroup;
			children = (
				8B40173124A60C5400F8A8DD /* Base */,
			);
			name = LaunchScreen.storyboard;
			sourceTree = "<group>";
		};
/* End PBXVariantGroup section */

/* Begin XCBuildConfiguration section */
		8B40173424A60C5400F8A8DD /* Debug */ = {
			isa = XCBuildConfiguration;
			buildSettings = {
				ALWAYS_SEARCH_USER_PATHS = NO;
				CLANG_ANALYZER_NONNULL = YES;
				CLANG_ANALYZER_NUMBER_OBJECT_CONVERSION = YES_AGGRESSIVE;
				CLANG_CXX_LANGUAGE_STANDARD = "gnu++14";
				CLANG_CXX_LIBRARY = "libc++";
				CLANG_ENABLE_MODULES = YES;
				CLANG_ENABLE_OBJC_ARC = YES;
				CLANG_ENABLE_OBJC_WEAK = YES;
				CLANG_WARN_BLOCK_CAPTURE_AUTORELEASING = YES;
				CLANG_WARN_BOOL_CONVERSION = YES;
				CLANG_WARN_COMMA = YES;
				CLANG_WARN_CONSTANT_CONVERSION = YES;
				CLANG_WARN_DEPRECATED_OBJC_IMPLEMENTATIONS = YES;
				CLANG_WARN_DIRECT_OBJC_ISA_USAGE = YES_ERROR;
				CLANG_WARN_DOCUMENTATION_COMMENTS = YES;
				CLANG_WARN_EMPTY_BODY = YES;
				CLANG_WARN_ENUM_CONVERSION = YES;
				CLANG_WARN_INFINITE_RECURSION = YES;
				CLANG_WARN_INT_CONVERSION = YES;
				CLANG_WARN_NON_LITERAL_NULL_CONVERSION = YES;
				CLANG_WARN_OBJC_IMPLICIT_RETAIN_SELF = YES;
				CLANG_WARN_OBJC_LITERAL_CONVERSION = YES;
				CLANG_WARN_OBJC_ROOT_CLASS = YES_ERROR;
				CLANG_WARN_RANGE_LOOP_ANALYSIS = YES;
				CLANG_WARN_STRICT_PROTOTYPES = YES;
				CLANG_WARN_SUSPICIOUS_MOVE = YES;
				CLANG_WARN_UNGUARDED_AVAILABILITY = YES_AGGRESSIVE;
				CLANG_WARN_UNREACHABLE_CODE = YES;
				CLANG_WARN__DUPLICATE_METHOD_MATCH = YES;
				COPY_PHASE_STRIP = NO;
				DEBUG_INFORMATION_FORMAT = dwarf;
				ENABLE_STRICT_OBJC_MSGSEND = YES;
				ENABLE_TESTABILITY = YES;
				GCC_C_LANGUAGE_STANDARD = gnu11;
				GCC_DYNAMIC_NO_PIC = NO;
				GCC_NO_COMMON_BLOCKS = YES;
				GCC_OPTIMIZATION_LEVEL = 0;
				GCC_PREPROCESSOR_DEFINITIONS = (
					"DEBUG=1",
					"$(inherited)",
				);
				GCC_WARN_64_TO_32_BIT_CONVERSION = YES;
				GCC_WARN_ABOUT_RETURN_TYPE = YES_ERROR;
				GCC_WARN_UNDECLARED_SELECTOR = YES;
				GCC_WARN_UNINITIALIZED_AUTOS = YES_AGGRESSIVE;
				GCC_WARN_UNUSED_FUNCTION = YES;
				GCC_WARN_UNUSED_VARIABLE = YES;
				IPHONEOS_DEPLOYMENT_TARGET = 13.4;
				MTL_ENABLE_DEBUG_INFO = INCLUDE_SOURCE;
				MTL_FAST_MATH = YES;
				ONLY_ACTIVE_ARCH = YES;
				SDKROOT = iphoneos;
				SWIFT_ACTIVE_COMPILATION_CONDITIONS = DEBUG;
				SWIFT_OPTIMIZATION_LEVEL = "-Onone";
			};
			name = Debug;
		};
		8B40173524A60C5400F8A8DD /* Release */ = {
			isa = XCBuildConfiguration;
			buildSettings = {
				ALWAYS_SEARCH_USER_PATHS = NO;
				CLANG_ANALYZER_NONNULL = YES;
				CLANG_ANALYZER_NUMBER_OBJECT_CONVERSION = YES_AGGRESSIVE;
				CLANG_CXX_LANGUAGE_STANDARD = "gnu++14";
				CLANG_CXX_LIBRARY = "libc++";
				CLANG_ENABLE_MODULES = YES;
				CLANG_ENABLE_OBJC_ARC = YES;
				CLANG_ENABLE_OBJC_WEAK = YES;
				CLANG_WARN_BLOCK_CAPTURE_AUTORELEASING = YES;
				CLANG_WARN_BOOL_CONVERSION = YES;
				CLANG_WARN_COMMA = YES;
				CLANG_WARN_CONSTANT_CONVERSION = YES;
				CLANG_WARN_DEPRECATED_OBJC_IMPLEMENTATIONS = YES;
				CLANG_WARN_DIRECT_OBJC_ISA_USAGE = YES_ERROR;
				CLANG_WARN_DOCUMENTATION_COMMENTS = YES;
				CLANG_WARN_EMPTY_BODY = YES;
				CLANG_WARN_ENUM_CONVERSION = YES;
				CLANG_WARN_INFINITE_RECURSION = YES;
				CLANG_WARN_INT_CONVERSION = YES;
				CLANG_WARN_NON_LITERAL_NULL_CONVERSION = YES;
				CLANG_WARN_OBJC_IMPLICIT_RETAIN_SELF = YES;
				CLANG_WARN_OBJC_LITERAL_CONVERSION = YES;
				CLANG_WARN_OBJC_ROOT_CLASS = YES_ERROR;
				CLANG_WARN_RANGE_LOOP_ANALYSIS = YES;
				CLANG_WARN_STRICT_PROTOTYPES = YES;
				CLANG_WARN_SUSPICIOUS_MOVE = YES;
				CLANG_WARN_UNGUARDED_AVAILABILITY = YES_AGGRESSIVE;
				CLANG_WARN_UNREACHABLE_CODE = YES;
				CLANG_WARN__DUPLICATE_METHOD_MATCH = YES;
				COPY_PHASE_STRIP = NO;
				DEBUG_INFORMATION_FORMAT = "dwarf-with-dsym";
				ENABLE_NS_ASSERTIONS = NO;
				ENABLE_STRICT_OBJC_MSGSEND = YES;
				GCC_C_LANGUAGE_STANDARD = gnu11;
				GCC_NO_COMMON_BLOCKS = YES;
				GCC_WARN_64_TO_32_BIT_CONVERSION = YES;
				GCC_WARN_ABOUT_RETURN_TYPE = YES_ERROR;
				GCC_WARN_UNDECLARED_SELECTOR = YES;
				GCC_WARN_UNINITIALIZED_AUTOS = YES_AGGRESSIVE;
				GCC_WARN_UNUSED_FUNCTION = YES;
				GCC_WARN_UNUSED_VARIABLE = YES;
				IPHONEOS_DEPLOYMENT_TARGET = 13.4;
				MTL_ENABLE_DEBUG_INFO = NO;
				MTL_FAST_MATH = YES;
				SDKROOT = iphoneos;
				SWIFT_COMPILATION_MODE = wholemodule;
				SWIFT_OPTIMIZATION_LEVEL = "-O";
				VALIDATE_PRODUCT = YES;
			};
			name = Release;
		};
		8B40173724A60C5400F8A8DD /* Debug */ = {
			isa = XCBuildConfiguration;
			buildSettings = {
				ASSETCATALOG_COMPILER_APPICON_NAME = AppIcon;
				CODE_SIGN_STYLE = Automatic;
				DEVELOPMENT_TEAM = 5G6MBU4A5F;
				INFOPLIST_FILE = BasisApp/Info.plist;
				LD_RUNPATH_SEARCH_PATHS = (
					"$(inherited)",
					"@executable_path/Frameworks",
				);
				PRODUCT_BUNDLE_IDENTIFIER = com.BasisApp;
				PRODUCT_NAME = "$(TARGET_NAME)";
				SWIFT_VERSION = 5.0;
				TARGETED_DEVICE_FAMILY = "1,2";
			};
			name = Debug;
		};
		8B40173824A60C5400F8A8DD /* Release */ = {
			isa = XCBuildConfiguration;
			buildSettings = {
				ASSETCATALOG_COMPILER_APPICON_NAME = AppIcon;
				CODE_SIGN_STYLE = Automatic;
				DEVELOPMENT_TEAM = 5G6MBU4A5F;
				INFOPLIST_FILE = BasisApp/Info.plist;
				LD_RUNPATH_SEARCH_PATHS = (
					"$(inherited)",
					"@executable_path/Frameworks",
				);
				PRODUCT_BUNDLE_IDENTIFIER = com.BasisApp;
				PRODUCT_NAME = "$(TARGET_NAME)";
				SWIFT_VERSION = 5.0;
				TARGETED_DEVICE_FAMILY = "1,2";
			};
			name = Release;
		};
/* End XCBuildConfiguration section */

/* Begin XCConfigurationList section */
		8B40171D24A60C4D00F8A8DD /* Build configuration list for PBXProject "BasisApp" */ = {
			isa = XCConfigurationList;
			buildConfigurations = (
				8B40173424A60C5400F8A8DD /* Debug */,
				8B40173524A60C5400F8A8DD /* Release */,
			);
			defaultConfigurationIsVisible = 0;
			defaultConfigurationName = Release;
		};
		8B40173624A60C5400F8A8DD /* Build configuration list for PBXNativeTarget "BasisApp" */ = {
			isa = XCConfigurationList;
			buildConfigurations = (
				8B40173724A60C5400F8A8DD /* Debug */,
				8B40173824A60C5400F8A8DD /* Release */,
			);
			defaultConfigurationIsVisible = 0;
			defaultConfigurationName = Release;
		};
/* End XCConfigurationList section */
	};
	rootObject = 8B40171A24A60C4D00F8A8DD /* Project object */;
}
